{
  "version": 4,
  "terraform_version": "1.4.6",
  "serial": 48,
  "lineage": "81e351ed-871c-c0d8-fece-9e13f2d8fcca",
  "outputs": {},
  "resources": [
    {
      "mode": "managed",
      "type": "azurerm_linux_web_app",
      "name": "mybankprojectAppSvc",
      "provider": "provider[\"registry.terraform.io/hashicorp/azurerm\"]",
      "instances": [
        {
          "schema_version": 0,
          "attributes": {
            "app_settings": null,
            "auth_settings": [],
            "auth_settings_v2": [],
            "backup": [],
            "client_affinity_enabled": false,
            "client_certificate_enabled": false,
            "client_certificate_exclusion_paths": "",
            "client_certificate_mode": "Required",
            "connection_string": [],
            "custom_domain_verification_id": "43E19814D15F3A78178AEF1A58933F6239AF81DF7F44AD2B571147254D7DB26C",
            "default_hostname": "mybankprojectappsvc.azurewebsites.net",
            "enabled": true,
            "hosting_environment_id": "",
            "https_only": false,
            "id": "/subscriptions/2f9f68ac-fdbe-4584-87c1-39f34bccd005/resourceGroups/mybankprojectRG/providers/Microsoft.Web/sites/mybankprojectAppSvc",
            "identity": [],
            "key_vault_reference_identity_id": "SystemAssigned",
            "kind": "app,linux",
            "location": "northeurope",
            "logs": [],
            "name": "mybankprojectAppSvc",
            "outbound_ip_address_list": [
              "4.231.131.239",
              "4.231.131.181",
              "4.231.132.10",
              "4.231.132.14",
              "4.231.132.30",
              "4.231.132.34",
              "20.107.224.7"
            ],
            "outbound_ip_addresses": "4.231.131.239,4.231.131.181,4.231.132.10,4.231.132.14,4.231.132.30,4.231.132.34,20.107.224.7",
            "possible_outbound_ip_address_list": [
              "4.231.131.239",
              "4.231.131.181",
              "4.231.132.10",
              "4.231.132.14",
              "4.231.132.30",
              "4.231.132.34",
              "4.231.132.53",
              "4.231.132.63",
              "4.231.132.71",
              "4.231.132.101",
              "4.231.132.156",
              "4.231.133.34",
              "4.231.133.109",
              "4.231.133.164",
              "4.231.134.77",
              "4.231.134.112",
              "4.231.134.201",
              "4.231.134.218",
              "4.231.135.168",
              "4.231.135.180",
              "4.231.135.196",
              "4.231.135.206",
              "4.208.72.225",
              "4.208.73.79",
              "20.107.224.7"
            ],
            "possible_outbound_ip_addresses": "4.231.131.239,4.231.131.181,4.231.132.10,4.231.132.14,4.231.132.30,4.231.132.34,4.231.132.53,4.231.132.63,4.231.132.71,4.231.132.101,4.231.132.156,4.231.133.34,4.231.133.109,4.231.133.164,4.231.134.77,4.231.134.112,4.231.134.201,4.231.134.218,4.231.135.168,4.231.135.180,4.231.135.196,4.231.135.206,4.208.72.225,4.208.73.79,20.107.224.7",
            "resource_group_name": "mybankprojectRG",
            "service_plan_id": "/subscriptions/2f9f68ac-fdbe-4584-87c1-39f34bccd005/resourceGroups/mybankprojectRG/providers/Microsoft.Web/serverfarms/mybankprojectAppSvcPlan",
            "site_config": [
              {
                "always_on": true,
                "api_definition_url": "",
                "api_management_api_id": "",
                "app_command_line": "",
                "application_stack": [
                  {
                    "docker_image": "",
                    "docker_image_tag": "",
                    "dotnet_version": "",
                    "go_version": "",
                    "java_server": "",
                    "java_server_version": "",
                    "java_version": "",
                    "node_version": "",
                    "php_version": "",
                    "python_version": "",
                    "ruby_version": ""
                  }
                ],
                "auto_heal_enabled": false,
                "auto_heal_setting": [],
                "container_registry_managed_identity_client_id": "",
                "container_registry_use_managed_identity": false,
                "cors": [],
                "default_documents": [
                  "Default.htm",
                  "Default.html",
                  "Default.asp",
                  "index.htm",
                  "index.html",
                  "iisstart.htm",
                  "default.aspx",
                  "index.php",
                  "hostingstart.html"
                ],
                "detailed_error_logging_enabled": false,
                "ftps_state": "Disabled",
                "health_check_eviction_time_in_min": 0,
                "health_check_path": "",
                "http2_enabled": false,
                "ip_restriction": [],
                "linux_fx_version": "",
                "load_balancing_mode": "LeastRequests",
                "local_mysql_enabled": false,
                "managed_pipeline_mode": "Integrated",
                "minimum_tls_version": "1.2",
                "remote_debugging_enabled": false,
                "remote_debugging_version": "VS2019",
                "scm_ip_restriction": [],
                "scm_minimum_tls_version": "1.2",
                "scm_type": "None",
                "scm_use_main_ip_restriction": false,
                "use_32_bit_worker": true,
                "vnet_route_all_enabled": false,
                "websockets_enabled": false,
                "worker_count": 1
              }
            ],
            "site_credential": [
              {
                "name": "$mybankprojectAppSvc",
                "password": "AMs59si40gWBwL5z2fT5LbwrDzHfG5nkFXn7NpdldsYkt0wjRomm10hodh4E"
              }
            ],
            "sticky_settings": [],
            "storage_account": [],
            "tags": {
              "Owner": "Dilshan Peiris",
              "Project": "mybankproject"
            },
            "timeouts": null,
            "virtual_network_subnet_id": "",
            "zip_deploy_file": ""
          },
          "sensitive_attributes": [],
          "private": "eyJlMmJmYjczMC1lY2FhLTExZTYtOGY4OC0zNDM2M2JjN2M0YzAiOnsiY3JlYXRlIjoxODAwMDAwMDAwMDAwLCJkZWxldGUiOjE4MDAwMDAwMDAwMDAsInJlYWQiOjMwMDAwMDAwMDAwMCwidXBkYXRlIjoxODAwMDAwMDAwMDAwfX0=",
          "dependencies": [
            "azurerm_resource_group.mybankprojectRG",
            "azurerm_service_plan.mybankprojectAppSvcPlan"
          ]
        }
      ]
    },
    {
      "mode": "managed",
      "type": "azurerm_mysql_flexible_database",
      "name": "mybankprojectdb",
      "provider": "provider[\"registry.terraform.io/hashicorp/azurerm\"]",
      "instances": [
        {
          "schema_version": 0,
          "attributes": {
            "charset": "utf8mb3",
            "collation": "utf8mb3_unicode_ci",
            "id": "/subscriptions/2f9f68ac-fdbe-4584-87c1-39f34bccd005/resourceGroups/mybankprojectRG/providers/Microsoft.DBforMySQL/flexibleServers/mybankprojectdbserver/databases/mybankprojectdb",
            "name": "mybankprojectdb",
            "resource_group_name": "mybankprojectRG",
            "server_name": "mybankprojectdbserver",
            "timeouts": null
          },
          "sensitive_attributes": [],
          "private": "eyJlMmJmYjczMC1lY2FhLTExZTYtOGY4OC0zNDM2M2JjN2M0YzAiOnsiY3JlYXRlIjozNjAwMDAwMDAwMDAwLCJkZWxldGUiOjM2MDAwMDAwMDAwMDAsInJlYWQiOjMwMDAwMDAwMDAwMCwidXBkYXRlIjozNjAwMDAwMDAwMDAwfX0=",
          "dependencies": [
            "azurerm_mysql_flexible_server.mybankprojectDBServer",
            "azurerm_resource_group.mybankprojectRG"
          ]
        }
      ]
    },
    {
      "mode": "managed",
      "type": "azurerm_mysql_flexible_server",
      "name": "mybankprojectDBServer",
      "provider": "provider[\"registry.terraform.io/hashicorp/azurerm\"]",
      "instances": [
        {
          "schema_version": 0,
          "attributes": {
            "administrator_login": "kdpeiris",
            "administrator_password": "Dil@0718",
            "backup_retention_days": 7,
            "create_mode": null,
            "customer_managed_key": [],
            "delegated_subnet_id": "",
            "fqdn": "mybankprojectdbserver.mysql.database.azure.com",
            "geo_redundant_backup_enabled": false,
            "high_availability": [],
            "id": "/subscriptions/2f9f68ac-fdbe-4584-87c1-39f34bccd005/resourceGroups/mybankprojectRG/providers/Microsoft.DBforMySQL/flexibleServers/mybankprojectdbserver",
            "identity": [],
            "location": "northeurope",
            "maintenance_window": [],
            "name": "mybankprojectdbserver",
            "point_in_time_restore_time_in_utc": null,
            "private_dns_zone_id": "",
            "public_network_access_enabled": true,
            "replica_capacity": 10,
            "replication_role": "None",
            "resource_group_name": "mybankprojectRG",
            "sku_name": "B_Standard_B1s",
            "source_server_id": null,
            "storage": [
              {
                "auto_grow_enabled": true,
                "iops": 360,
                "size_gb": 20
              }
            ],
            "tags": null,
            "timeouts": null,
            "version": "8.0.21",
            "zone": "3"
          },
          "sensitive_attributes": [],
          "private": "eyJlMmJmYjczMC1lY2FhLTExZTYtOGY4OC0zNDM2M2JjN2M0YzAiOnsiY3JlYXRlIjozNjAwMDAwMDAwMDAwLCJkZWxldGUiOjM2MDAwMDAwMDAwMDAsInJlYWQiOjMwMDAwMDAwMDAwMCwidXBkYXRlIjozNjAwMDAwMDAwMDAwfX0=",
          "dependencies": [
            "azurerm_resource_group.mybankprojectRG"
          ]
        }
      ]
    },
    {
      "mode": "managed",
      "type": "azurerm_mysql_flexible_server_firewall_rule",
      "name": "mybankprojectMySQLSvrFwlRl",
      "provider": "provider[\"registry.terraform.io/hashicorp/azurerm\"]",
      "instances": [
        {
          "schema_version": 0,
          "attributes": {
            "end_ip_address": "0.0.0.0",
            "id": "/subscriptions/2f9f68ac-fdbe-4584-87c1-39f34bccd005/resourceGroups/mybankprojectRG/providers/Microsoft.DBforMySQL/flexibleServers/mybankprojectdbserver/firewallRules/mybankprojectMySQLSvrFwlRl",
            "name": "mybankprojectMySQLSvrFwlRl",
            "resource_group_name": "mybankprojectRG",
            "server_name": "mybankprojectdbserver",
            "start_ip_address": "0.0.0.0",
            "timeouts": null
          },
          "sensitive_attributes": [],
          "private": "eyJlMmJmYjczMC1lY2FhLTExZTYtOGY4OC0zNDM2M2JjN2M0YzAiOnsiY3JlYXRlIjoxODAwMDAwMDAwMDAwLCJkZWxldGUiOjE4MDAwMDAwMDAwMDAsInJlYWQiOjMwMDAwMDAwMDAwMCwidXBkYXRlIjoxODAwMDAwMDAwMDAwfX0=",
          "dependencies": [
            "azurerm_mysql_flexible_server.mybankprojectDBServer",
            "azurerm_resource_group.mybankprojectRG"
          ]
        }
      ]
    },
    {
      "mode": "managed",
      "type": "azurerm_resource_group",
      "name": "mybankprojectRG",
      "provider": "provider[\"registry.terraform.io/hashicorp/azurerm\"]",
      "instances": [
        {
          "schema_version": 0,
          "attributes": {
            "id": "/subscriptions/2f9f68ac-fdbe-4584-87c1-39f34bccd005/resourceGroups/mybankprojectRG",
            "location": "northeurope",
            "name": "mybankprojectRG",
            "tags": {
              "Owner": "Dilshan Peiris",
              "Project": "mybankproject"
            },
            "timeouts": null
          },
          "sensitive_attributes": [],
          "private": "eyJlMmJmYjczMC1lY2FhLTExZTYtOGY4OC0zNDM2M2JjN2M0YzAiOnsiY3JlYXRlIjo1NDAwMDAwMDAwMDAwLCJkZWxldGUiOjU0MDAwMDAwMDAwMDAsInJlYWQiOjMwMDAwMDAwMDAwMCwidXBkYXRlIjo1NDAwMDAwMDAwMDAwfX0="
        }
      ]
    },
    {
      "mode": "managed",
      "type": "azurerm_service_plan",
      "name": "mybankprojectAppSvcPlan",
      "provider": "provider[\"registry.terraform.io/hashicorp/azurerm\"]",
      "instances": [
        {
          "schema_version": 0,
          "attributes": {
            "app_service_environment_id": "",
            "id": "/subscriptions/2f9f68ac-fdbe-4584-87c1-39f34bccd005/resourceGroups/mybankprojectRG/providers/Microsoft.Web/serverfarms/mybankprojectAppSvcPlan",
            "kind": "linux",
            "location": "northeurope",
            "maximum_elastic_worker_count": 1,
            "name": "mybankprojectAppSvcPlan",
            "os_type": "Linux",
            "per_site_scaling_enabled": false,
            "reserved": true,
            "resource_group_name": "mybankprojectRG",
            "sku_name": "B1",
            "tags": {
              "Owner": "Dilshan Peiris",
              "Project": "mybankproject"
            },
            "timeouts": null,
            "worker_count": 1,
            "zone_balancing_enabled": false
          },
          "sensitive_attributes": [],
          "private": "eyJlMmJmYjczMC1lY2FhLTExZTYtOGY4OC0zNDM2M2JjN2M0YzAiOnsiY3JlYXRlIjozNjAwMDAwMDAwMDAwLCJkZWxldGUiOjM2MDAwMDAwMDAwMDAsInJlYWQiOjMwMDAwMDAwMDAwMCwidXBkYXRlIjozNjAwMDAwMDAwMDAwfX0=",
          "dependencies": [
            "azurerm_resource_group.mybankprojectRG"
          ]
        }
      ]
    }
  ],
  "check_results": null
}
